
Microsoft Visual Studio Solution File, Format Version 12.00
# Visual Studio Version 16
VisualStudioVersion = 16.0.29230.47
MinimumVisualStudioVersion = 10.0.40219.1
Project("{9A19103F-16F7-4668-BE54-9A1E7A4F7556}") = "Extensions.Configuration.ConsulVault", "Extensions.Configuration.ConsulVault\Extensions.Configuration.ConsulVault.csproj", "{08F15C9C-3808-4C5C-989D-45DF250FB8B8}"
EndProject
Global
	GlobalSection(SolutionConfigurationPlatforms) = preSolution
		Debug|Any CPU = Debug|Any CPU
		Release|Any CPU = Release|Any CPU
	EndGlobalSection
	GlobalSection(ProjectConfigurationPlatforms) = postSolution
		{08F15C9C-3808-4C5C-989D-45DF250FB8B8}.Debug|Any CPU.ActiveCfg = Debug|Any CPU
		{08F15C9C-3808-4C5C-989D-45DF250FB8B8}.Debug|Any CPU.Build.0 = Debug|Any CPU
		{08F15C9C-3808-4C5C-989D-45DF250FB8B8}.Release|Any CPU.ActiveCfg = Release|Any CPU
		{08F15C9C-3808-4C5C-989D-45DF250FB8B8}.Release|Any CPU.Build.0 = Release|Any CPU
	EndGlobalSection
	GlobalSection(SolutionProperties) = preSolution
		HideSolutionNode = FALSE
	EndGlobalSection
	GlobalSection(ExtensibilityGlobals) = postSolution
		SolutionGuid = {BEF11A8C-DCAD-4C52-8D0B-3720E4B9ECF1}
	EndGlobalSection
EndGlobal
